
Microsoft Visual Studio Solution File, Format Version 12.00
# Visual Studio Version 17
VisualStudioVersion = 17.14.36429.23 d17.14
MinimumVisualStudioVersion = 10.0.40219.1
Project("{8BC9CEB8-8B4A-11D0-8D11-00A0C91BC942}") = "lab4.5", "lab4.5\lab4.5.vcxproj", "{EC95B19B-7CD4-4EDB-B8D1-6B2EFA20F805}"
EndProject
Global
	GlobalSection(SolutionConfigurationPlatforms) = preSolution
		Debug|x64 = Debug|x64
		Debug|x86 = Debug|x86
		Release|x64 = Release|x64
		Release|x86 = Release|x86
	EndGlobalSection
	GlobalSection(ProjectConfigurationPlatforms) = postSolution
		{EC95B19B-7CD4-4EDB-B8D1-6B2EFA20F805}.Debug|x64.ActiveCfg = Debug|x64
		{EC95B19B-7CD4-4EDB-B8D1-6B2EFA20F805}.Debug|x64.Build.0 = Debug|x64
		{EC95B19B-7CD4-4EDB-B8D1-6B2EFA20F805}.Debug|x86.ActiveCfg = Debug|Win32
		{EC95B19B-7CD4-4EDB-B8D1-6B2EFA20F805}.Debug|x86.Build.0 = Debug|Win32
		{EC95B19B-7CD4-4EDB-B8D1-6B2EFA20F805}.Release|x64.ActiveCfg = Release|x64
		{EC95B19B-7CD4-4EDB-B8D1-6B2EFA20F805}.Release|x64.Build.0 = Release|x64
		{EC95B19B-7CD4-4EDB-B8D1-6B2EFA20F805}.Release|x86.ActiveCfg = Release|Win32
		{EC95B19B-7CD4-4EDB-B8D1-6B2EFA20F805}.Release|x86.Build.0 = Release|Win32
	EndGlobalSection
	GlobalSection(SolutionProperties) = preSolution
		HideSolutionNode = FALSE
	EndGlobalSection
	GlobalSection(ExtensibilityGlobals) = postSolution
		SolutionGuid = {666C7A28-B3F4-4115-AFC6-9E024A0B712C}
	EndGlobalSection
EndGlobal
